{
  "name": "torrent-health-scraper",
  "version": "1.0.0",
  "lockfileVersion": 1,
  "requires": true,
  "dependencies": {
    "addr-to-ip-port": {
      "version": "1.5.1",
      "resolved": "https://registry.npmjs.org/addr-to-ip-port/-/addr-to-ip-port-1.5.1.tgz",
      "integrity": "sha512-bA+dyydTNuQtrEDJ0g9eR7XabNhvrM5yZY0hvTbNK3yvoeC73ZqMES6E1cEqH9WPxs4uMtMsOjfwS4FmluhsAA=="
    },
    "bencode": {
      "version": "2.0.1",
      "resolved": "https://registry.npmjs.org/bencode/-/bencode-2.0.1.tgz",
      "integrity": "sha512-2uhEl8FdjSBUyb69qDTgOEeeqDTa+n3yMQzLW0cOzNf1Ow5bwcg3idf+qsWisIKRH8Bk8oC7UXL8irRcPA8ZEQ==",
      "requires": {
        "safe-buffer": "^5.1.1"
      }
    },
    "bep53-range": {
      "version": "1.1.0",
      "resolved": "https://registry.npmjs.org/bep53-range/-/bep53-range-1.1.0.tgz",
      "integrity": "sha512-yGQTG4NtwTciX0Bkgk1FqQL4p+NiCQKpTSFho2lrxvUkXIlzyJDwraj8aYxAxRZMnnOhRr7QlIBoMRPEnIR34Q=="
    },
    "bittorrent-dht": {
      "version": "9.0.3",
      "resolved": "https://registry.npmjs.org/bittorrent-dht/-/bittorrent-dht-9.0.3.tgz",
      "integrity": "sha512-6FISjApL62THEMyptDm0kPTAnInBn8Sft3dK/JZcCI07LRIpIP+3Z6gle6xJUhyRVs6K5HmXAtaRatFsOEySOg==",
      "requires": {
        "bencode": "^2.0.0",
        "debug": "^4.1.1",
        "inherits": "^2.0.1",
        "k-bucket": "^5.0.0",
        "k-rpc": "^5.0.0",
        "last-one-wins": "^1.0.4",
        "lru": "^3.1.0",
        "randombytes": "^2.0.5",
        "record-cache": "^1.0.2",
        "simple-sha1": "^3.0.0"
      }
    },
    "bittorrent-peerid": {
      "version": "1.3.2",
      "resolved": "https://registry.npmjs.org/bittorrent-peerid/-/bittorrent-peerid-1.3.2.tgz",
      "integrity": "sha512-3xPhNfklf4xzxFVw9Y7W5dnGNhubVF0r8BK3imIsB6E3aDA4d6WhsceK1Yusos0TiiB9QZrdCsVXVqs26sFMxw=="
    },
    "bittorrent-tracker": {
      "version": "github:phillmac/bittorrent-tracker#bd925a31e17617b068f9fc96fe09b9a294ced3da",
      "from": "github:phillmac/bittorrent-tracker",
      "requires": {
        "bencode": "^2.0.0",
        "bittorrent-peerid": "^1.0.2",
        "bn.js": "^5.0.0",
        "bufferutil": "^4.0.0",
        "chrome-dgram": "^3.0.2",
        "compact2string": "^1.2.0",
        "debug": "^4.0.1",
        "ip": "^1.0.1",
        "lru": "^3.0.0",
        "minimist": "^1.1.1",
        "once": "^1.3.0",
        "random-iterate": "^1.0.1",
        "randombytes": "^2.0.3",
        "run-parallel": "^1.1.2",
        "run-series": "^1.0.2",
        "simple-get": "^3.0.0",
        "simple-peer": "^9.0.0",
        "simple-websocket": "^8.0.0",
        "string2compact": "^1.1.1",
        "uniq": "^1.0.1",
        "unordered-array-remove": "^1.0.2",
        "utf-8-validate": "^5.0.1",
        "ws": "^7.0.0"
      }
    },
    "blob-to-buffer": {
      "version": "1.2.9",
      "resolved": "https://registry.npmjs.org/blob-to-buffer/-/blob-to-buffer-1.2.9.tgz",
      "integrity": "sha512-BF033y5fN6OCofD3vgHmNtwZWRcq9NLyyxyILx9hfMy1sXYy4ojFl765hJ2lP0YaN2fuxPaLO2Vzzoxy0FLFFA=="
    },
    "bn.js": {
      "version": "5.1.1",
      "resolved": "https://registry.npmjs.org/bn.js/-/bn.js-5.1.1.tgz",
      "integrity": "sha512-IUTD/REb78Z2eodka1QZyyEk66pciRcP6Sroka0aI3tG/iwIdYLrBD62RsubR7vqdt3WyX8p4jxeatzmRSphtA=="
    },
    "bufferutil": {
      "version": "4.0.1",
      "resolved": "https://registry.npmjs.org/bufferutil/-/bufferutil-4.0.1.tgz",
      "integrity": "sha512-xowrxvpxojqkagPcWRQVXZl0YXhRhAtBEIq3VoER1NH5Mw1n1o0ojdspp+GS2J//2gCVyrzQDApQ4unGF+QOoA==",
      "optional": true,
      "requires": {
        "node-gyp-build": "~3.7.0"
      }
    },
    "chrome-dgram": {
      "version": "3.0.4",
      "resolved": "https://registry.npmjs.org/chrome-dgram/-/chrome-dgram-3.0.4.tgz",
      "integrity": "sha512-G8rOANSvSRC4hGny/K/ec1gXtNuZGzryFeoev49u0J4g/qws7H25vMKQlbD9izuedFVHwXFTdKQG62Tf/7Cmwg==",
      "requires": {
        "inherits": "^2.0.1",
        "run-series": "^1.1.2"
      }
    },
    "chrome-dns": {
      "version": "1.0.1",
      "resolved": "https://registry.npmjs.org/chrome-dns/-/chrome-dns-1.0.1.tgz",
      "integrity": "sha512-HqsYJgIc8ljJJOqOzLphjAs79EUuWSX3nzZi2LNkzlw3GIzAeZbaSektC8iT/tKvLqZq8yl1GJu5o6doA4TRbg==",
      "requires": {
        "chrome-net": "^3.3.2"
      }
    },
    "chrome-net": {
      "version": "3.3.3",
      "resolved": "https://registry.npmjs.org/chrome-net/-/chrome-net-3.3.3.tgz",
      "integrity": "sha512-11jL8+Ogna8M5TEdyalE8IG6cpaFEU3YcaxAj3YjZKjRM/PeT70pZbrUY+xoGwqiEJZwJE4Td2CvGxUvS9ytKQ==",
      "requires": {
        "inherits": "^2.0.1"
      }
    },
    "compact2string": {
      "version": "1.4.1",
      "resolved": "https://registry.npmjs.org/compact2string/-/compact2string-1.4.1.tgz",
      "integrity": "sha512-3D+EY5nsRhqnOwDxveBv5T8wGo4DEvYxjDtPGmdOX+gfr5gE92c2RC0w2wa+xEefm07QuVqqcF3nZJUZ92l/og==",
      "requires": {
        "ipaddr.js": ">= 0.1.5"
      }
    },
    "debug": {
      "version": "4.1.1",
      "resolved": "https://registry.npmjs.org/debug/-/debug-4.1.1.tgz",
      "integrity": "sha512-pYAIzeRo8J6KPEaJ0VWOh5Pzkbw/RetuzehGM7QRRX5he4fPHx2rdKMB256ehJCkX+XRQm16eZLqLNS8RSZXZw==",
      "requires": {
        "ms": "^2.1.1"
      }
    },
    "decompress-response": {
      "version": "4.2.1",
      "resolved": "https://registry.npmjs.org/decompress-response/-/decompress-response-4.2.1.tgz",
      "integrity": "sha512-jOSne2qbyE+/r8G1VU+G/82LBs2Fs4LAsTiLSHOCOMZQl2OKZ6i8i4IyHemTe+/yIXOtTcRQMzPcgyhoFlqPkw==",
      "requires": {
        "mimic-response": "^2.0.0"
      }
    },
    "docopt": {
      "version": "0.6.2",
      "resolved": "https://registry.npmjs.org/docopt/-/docopt-0.6.2.tgz",
      "integrity": "sha1-so6eIiDaXsSffqW7JKR3h0Be6xE="
    },
    "double-ended-queue": {
      "version": "2.1.0-0",
      "resolved": "https://registry.npmjs.org/double-ended-queue/-/double-ended-queue-2.1.0-0.tgz",
      "integrity": "sha1-ED01J/0xUo9AGIEwyEHv3XgmTlw="
    },
    "get-browser-rtc": {
      "version": "1.0.2",
      "resolved": "https://registry.npmjs.org/get-browser-rtc/-/get-browser-rtc-1.0.2.tgz",
      "integrity": "sha1-u81AyEUaftTvXDc7gWmkCd0dEdk="
    },
    "get-stdin": {
      "version": "8.0.0",
      "resolved": "https://registry.npmjs.org/get-stdin/-/get-stdin-8.0.0.tgz",
      "integrity": "sha512-sY22aA6xchAzprjyqmSEQv4UbAAzRN0L2dQB0NlN5acTTK9Don6nhoc3eAbUnpZiCANAMfd/+40kVdKfFygohg=="
    },
    "inherits": {
      "version": "2.0.4",
      "resolved": "https://registry.npmjs.org/inherits/-/inherits-2.0.4.tgz",
      "integrity": "sha512-k/vGaX4/Yla3WzyMCvTQOXYeIHvqOKtnqBduzTHpzpQZzAskKMhZ2K+EnBiSM9zGSoIFeMpXKxa4dYeZIQqewQ=="
    },
    "ip": {
      "version": "1.1.5",
      "resolved": "https://registry.npmjs.org/ip/-/ip-1.1.5.tgz",
      "integrity": "sha1-vd7XARQpCCjAoDnnLvJfWq7ENUo="
    },
    "ipaddr.js": {
      "version": "1.9.1",
      "resolved": "https://registry.npmjs.org/ipaddr.js/-/ipaddr.js-1.9.1.tgz",
      "integrity": "sha512-0KI/607xoxSToH7GjN1FfSbLoU0+btTicjsQSWQlh/hZykN8KpmMf7uYwPW3R+akZ6R/w18ZlXSHBYXiYUPO3g=="
    },
    "isomorphic-unfetch": {
      "version": "3.1.0",
      "resolved": "https://registry.npmjs.org/isomorphic-unfetch/-/isomorphic-unfetch-3.1.0.tgz",
      "integrity": "sha512-geDJjpoZ8N0kWexiwkX8F9NkTsXhetLPVbZFQ+JTW239QNOwvB0gniuR1Wc6f0AMTn7/mFGyXvHTifrCp/GH8Q==",
      "requires": {
        "node-fetch": "^2.6.1",
        "unfetch": "^4.2.0"
      }
    },
    "k-bucket": {
      "version": "5.0.0",
      "resolved": "https://registry.npmjs.org/k-bucket/-/k-bucket-5.0.0.tgz",
      "integrity": "sha512-r/q+wV/Kde62/tk+rqyttEJn6h0jR7x+incdMVSYTqK73zVxVrzJa70kJL49cIKen8XjIgUZKSvk8ktnrQbK4w==",
      "requires": {
        "randombytes": "^2.0.3"
      }
    },
    "k-rpc": {
      "version": "5.1.0",
      "resolved": "https://registry.npmjs.org/k-rpc/-/k-rpc-5.1.0.tgz",
      "integrity": "sha512-FGc+n70Hcjoa/X2JTwP+jMIOpBz+pkRffHnSl9yrYiwUxg3FIgD50+u1ePfJUOnRCnx6pbjmVk5aAeB1wIijuQ==",
      "requires": {
        "k-bucket": "^5.0.0",
        "k-rpc-socket": "^1.7.2",
        "randombytes": "^2.0.5"
      }
    },
    "k-rpc-socket": {
      "version": "1.11.1",
      "resolved": "https://registry.npmjs.org/k-rpc-socket/-/k-rpc-socket-1.11.1.tgz",
      "integrity": "sha512-8xtA8oqbZ6v1Niryp2/g4GxW16EQh5MvrUylQoOG+zcrDff5CKttON2XUXvMwlIHq4/2zfPVFiinAccJ+WhxoA==",
      "requires": {
        "bencode": "^2.0.0",
        "chrome-dgram": "^3.0.2",
        "chrome-dns": "^1.0.0",
        "chrome-net": "^3.3.2"
      }
    },
    "last-one-wins": {
      "version": "1.0.4",
      "resolved": "https://registry.npmjs.org/last-one-wins/-/last-one-wins-1.0.4.tgz",
      "integrity": "sha1-wb/Qy8tGeQ7JFWuNGu6Py4bNoio="
    },
    "lru": {
      "version": "3.1.0",
      "resolved": "https://registry.npmjs.org/lru/-/lru-3.1.0.tgz",
      "integrity": "sha1-6n+4VG2DczOWoTCR12z+tMBoN9U=",
      "requires": {
        "inherits": "^2.0.1"
      }
    },
    "magnet-uri": {
      "version": "6.1.0",
      "resolved": "https://registry.npmjs.org/magnet-uri/-/magnet-uri-6.1.0.tgz",
      "integrity": "sha512-731qLviHaqN/Ni96wm6gNKuvoip+QHWTznjHNz/4qDlsHh3/CWJoL8fZ18IIRhGJgnWoKJp8RVE5lZvQ60Khhw==",
      "requires": {
        "bep53-range": "^1.0.0",
        "thirty-two": "^1.0.2"
      }
    },
    "mimic-response": {
      "version": "2.1.0",
      "resolved": "https://registry.npmjs.org/mimic-response/-/mimic-response-2.1.0.tgz",
      "integrity": "sha512-wXqjST+SLt7R009ySCglWBCFpjUygmCIfD790/kVbiGmUgfYGuB14PiTd5DwVxSV4NcYHjzMkoj5LjQZwTQLEA=="
    },
    "minimist": {
      "version": "1.2.5",
      "resolved": "https://registry.npmjs.org/minimist/-/minimist-1.2.5.tgz",
      "integrity": "sha512-FM9nNUYrRBAELZQT3xeZQ7fmMOBg6nWNmJKTcgsJeaLstP/UODVpGsr5OhXhhXg6f+qtJ8uiZ+PUxkDWcgIXLw=="
    },
    "ms": {
      "version": "2.1.2",
      "resolved": "https://registry.npmjs.org/ms/-/ms-2.1.2.tgz",
      "integrity": "sha512-sGkPx+VjMtmA6MX27oA4FBFELFCZZ4S4XqeGOXCv68tT+jb3vk/RyaKWP0PTKyWtmLSM0b+adUTEvbs1PEaH2w=="
    },
    "node-fetch": {
      "version": "2.6.1",
      "resolved": "https://registry.npmjs.org/node-fetch/-/node-fetch-2.6.1.tgz",
      "integrity": "sha512-V4aYg89jEoVRxRb2fJdAg8FHvI7cEyYdVAh94HH0UIK8oJxUfkjlDQN9RbMx+bEjP7+ggMiFRprSti032Oipxw=="
    },
    "node-gyp-build": {
      "version": "3.7.0",
      "resolved": "https://registry.npmjs.org/node-gyp-build/-/node-gyp-build-3.7.0.tgz",
      "integrity": "sha512-L/Eg02Epx6Si2NXmedx+Okg+4UHqmaf3TNcxd50SF9NQGcJaON3AtU++kax69XV7YWz4tUspqZSAsVofhFKG2w==",
      "optional": true
    },
    "once": {
      "version": "1.4.0",
      "resolved": "https://registry.npmjs.org/once/-/once-1.4.0.tgz",
      "integrity": "sha1-WDsap3WWHUsROsF9nFC6753Xa9E=",
      "requires": {
        "wrappy": "1"
      }
    },
    "parse-torrent": {
      "version": "9.1.0",
      "resolved": "https://registry.npmjs.org/parse-torrent/-/parse-torrent-9.1.0.tgz",
      "integrity": "sha512-TVht2kv44bTHEd55KgmfEHyDh5djIBZMhaD6uFWnxLhJWUXy8lrIOsjPSs4Tfzs9PTGIgGM0k+UG6CFphHgOZQ==",
      "requires": {
        "bencode": "^2.0.1",
        "blob-to-buffer": "^1.2.9",
        "get-stdin": "^8.0.0",
        "magnet-uri": "^6.0.0",
        "simple-get": "^4.0.0",
        "simple-sha1": "^3.0.1"
      },
      "dependencies": {
        "decompress-response": {
          "version": "6.0.0",
          "resolved": "https://registry.npmjs.org/decompress-response/-/decompress-response-6.0.0.tgz",
          "integrity": "sha512-aW35yZM6Bb/4oJlZncMH2LCoZtJXTRxES17vE3hoRiowU2kWHaJKFkSBDnDR+cm9J+9QhXmREyIfv0pji9ejCQ==",
          "requires": {
            "mimic-response": "^3.1.0"
          }
        },
        "mimic-response": {
          "version": "3.1.0",
          "resolved": "https://registry.npmjs.org/mimic-response/-/mimic-response-3.1.0.tgz",
          "integrity": "sha512-z0yWI+4FDrrweS8Zmt4Ej5HdJmky15+L2e6Wgn3+iK5fWzb6T3fhNFq2+MeTRb064c6Wr4N/wv0DzQTjNzHNGQ=="
        },
        "simple-get": {
          "version": "4.0.0",
          "resolved": "https://registry.npmjs.org/simple-get/-/simple-get-4.0.0.tgz",
          "integrity": "sha512-ZalZGexYr3TA0SwySsr5HlgOOinS4Jsa8YB2GJ6lUNAazyAu4KG/VmzMTwAt2YVXzzVj8QmefmAonZIK2BSGcQ==",
          "requires": {
            "decompress-response": "^6.0.0",
            "once": "^1.3.1",
            "simple-concat": "^1.0.0"
          }
        }
      }
    },
    "queue-microtask": {
      "version": "1.1.2",
      "resolved": "https://registry.npmjs.org/queue-microtask/-/queue-microtask-1.1.2.tgz",
      "integrity": "sha512-F9wwNePtXrzZenAB3ax0Y8TSKGvuB7Qw16J30hspEUTbfUM+H827XyN3rlpwhVmtm5wuZtbKIHjOnwDn7MUxWQ=="
    },
    "random-iterate": {
      "version": "1.0.1",
      "resolved": "https://registry.npmjs.org/random-iterate/-/random-iterate-1.0.1.tgz",
      "integrity": "sha1-99l9kt7mZl7F9toIx/ljytSyrJk="
    },
    "randombytes": {
      "version": "2.1.0",
      "resolved": "https://registry.npmjs.org/randombytes/-/randombytes-2.1.0.tgz",
      "integrity": "sha512-vYl3iOX+4CKUWuxGi9Ukhie6fsqXqS9FE2Zaic4tNFD2N2QQaXOMFbuKK4QmDHC0JO6B1Zp41J0LpT0oR68amQ==",
      "requires": {
        "safe-buffer": "^5.1.0"
      }
    },
    "readable-stream": {
      "version": "3.6.0",
      "resolved": "https://registry.npmjs.org/readable-stream/-/readable-stream-3.6.0.tgz",
      "integrity": "sha512-BViHy7LKeTz4oNnkcLJ+lVSL6vpiFeX6/d3oSH8zCW7UxP2onchk+vTGB143xuFjHS3deTgkKoXXymXqymiIdA==",
      "requires": {
        "inherits": "^2.0.3",
        "string_decoder": "^1.1.1",
        "util-deprecate": "^1.0.1"
      }
    },
    "record-cache": {
      "version": "1.1.0",
      "resolved": "https://registry.npmjs.org/record-cache/-/record-cache-1.1.0.tgz",
      "integrity": "sha512-u8rbtLEJV7HRacl/ZYwSBFD8NFyB3PfTTfGLP37IW3hftQCwu6z4Q2RLyxo1YJUNRTEzJfpLpGwVuEYdaIkG9Q=="
    },
    "redis": {
      "version": "2.8.0",
      "resolved": "https://registry.npmjs.org/redis/-/redis-2.8.0.tgz",
      "integrity": "sha512-M1OkonEQwtRmZv4tEWF2VgpG0JWJ8Fv1PhlgT5+B+uNq2cA3Rt1Yt/ryoR+vQNOQcIEgdCdfH0jr3bDpihAw1A==",
      "requires": {
        "double-ended-queue": "^2.1.0-0",
        "redis-commands": "^1.2.0",
        "redis-parser": "^2.6.0"
      }
    },
    "redis-commands": {
      "version": "1.5.0",
      "resolved": "https://registry.npmjs.org/redis-commands/-/redis-commands-1.5.0.tgz",
      "integrity": "sha512-6KxamqpZ468MeQC3bkWmCB1fp56XL64D4Kf0zJSwDZbVLLm7KFkoIcHrgRvQ+sk8dnhySs7+yBg94yIkAK7aJg=="
    },
    "redis-lock": {
      "version": "0.1.4",
      "resolved": "https://registry.npmjs.org/redis-lock/-/redis-lock-0.1.4.tgz",
      "integrity": "sha512-7/+zu86XVQfJVx1nHTzux5reglDiyUCDwmW7TSlvVezfhH2YLc/Rc8NE0ejQG+8/0lwKzm29/u/4+ogKeLosiA=="
    },
    "redis-parser": {
      "version": "2.6.0",
      "resolved": "https://registry.npmjs.org/redis-parser/-/redis-parser-2.6.0.tgz",
      "integrity": "sha1-Uu0J2srBCPGmMcB+m2mUHnoZUEs="
    },
    "redis-promisify": {
      "version": "0.1.2",
      "resolved": "https://registry.npmjs.org/redis-promisify/-/redis-promisify-0.1.2.tgz",
      "integrity": "sha512-JzUWE5VfA2kFASwe7OAVpg3sZSDpG3+6DT0sBF1nIwlRdGKeG2YalcRxl98T/GEIKmTm6wpNkQecqNdAXHfK6A==",
      "requires": {
        "redis": "^2.8.0",
        "redis-commands": "^1.4.0"
      }
    },
    "run-parallel": {
      "version": "1.1.9",
      "resolved": "https://registry.npmjs.org/run-parallel/-/run-parallel-1.1.9.tgz",
      "integrity": "sha512-DEqnSRTDw/Tc3FXf49zedI638Z9onwUotBMiUFKmrO2sdFKIbXamXGQ3Axd4qgphxKB4kw/qP1w5kTxnfU1B9Q=="
    },
    "run-series": {
      "version": "1.1.8",
      "resolved": "https://registry.npmjs.org/run-series/-/run-series-1.1.8.tgz",
      "integrity": "sha512-+GztYEPRpIsQoCSraWHDBs9WVy4eVME16zhOtDB4H9J4xN0XRhknnmLOl+4gRgZtu8dpp9N/utSPjKH/xmDzXg=="
    },
    "rusha": {
      "version": "0.8.13",
      "resolved": "https://registry.npmjs.org/rusha/-/rusha-0.8.13.tgz",
      "integrity": "sha1-mghOe4YLF7/zAVuSxnpqM2GRUTo="
    },
    "safe-buffer": {
      "version": "5.2.0",
      "resolved": "https://registry.npmjs.org/safe-buffer/-/safe-buffer-5.2.0.tgz",
      "integrity": "sha512-fZEwUGbVl7kouZs1jCdMLdt95hdIv0ZeHg6L7qPeciMZhZ+/gdesW4wgTARkrFWEpspjEATAzUGPG8N2jJiwbg=="
    },
    "simple-concat": {
      "version": "1.0.0",
      "resolved": "https://registry.npmjs.org/simple-concat/-/simple-concat-1.0.0.tgz",
      "integrity": "sha1-c0TLuLbib7J9ZrL8hvn21Zl1IcY="
    },
    "simple-get": {
      "version": "3.1.0",
      "resolved": "https://registry.npmjs.org/simple-get/-/simple-get-3.1.0.tgz",
      "integrity": "sha512-bCR6cP+aTdScaQCnQKbPKtJOKDp/hj9EDLJo3Nw4y1QksqaovlW/bnptB6/c1e+qmNIDHRK+oXFDdEqBT8WzUA==",
      "requires": {
        "decompress-response": "^4.2.0",
        "once": "^1.3.1",
        "simple-concat": "^1.0.0"
      }
    },
    "simple-peer": {
      "version": "9.6.2",
      "resolved": "https://registry.npmjs.org/simple-peer/-/simple-peer-9.6.2.tgz",
      "integrity": "sha512-EOKoImCaqtNvXIntxT1CBBK/3pVi7tMAoJ3shdyd9qk3zLm3QPiRLb/sPC1G2xvKJkJc5fkQjCXqRZ0AknwTig==",
      "requires": {
        "debug": "^4.0.1",
        "get-browser-rtc": "^1.0.0",
        "queue-microtask": "^1.1.0",
        "randombytes": "^2.0.3",
        "readable-stream": "^3.4.0"
      }
    },
    "simple-sha1": {
      "version": "3.0.1",
      "resolved": "https://registry.npmjs.org/simple-sha1/-/simple-sha1-3.0.1.tgz",
      "integrity": "sha512-q7ehqWfHc1VhOm7sW099YDZ4I0yYX7rqyhqqhHV1IYeUTjPOhHyD3mXvv8k2P+rO7+7c8R4/D+8ffzC9BE7Cqg==",
      "requires": {
        "queue-microtask": "^1.1.2",
        "rusha": "^0.8.1"
      }
    },
    "simple-websocket": {
      "version": "8.1.1",
      "resolved": "https://registry.npmjs.org/simple-websocket/-/simple-websocket-8.1.1.tgz",
      "integrity": "sha512-06I3cwOD5Q3LdVd6qfyDGp1U9eau9x9qniSL3b/aDgM5bsJX4nZfCuii2UCFcTfrDq0jCXF4NQ/38qeC8CJZTg==",
      "requires": {
        "debug": "^4.1.1",
        "queue-microtask": "^1.1.0",
        "randombytes": "^2.0.3",
        "readable-stream": "^3.1.1",
        "ws": "^7.0.0"
      }
    },
    "string2compact": {
      "version": "1.3.0",
      "resolved": "https://registry.npmjs.org/string2compact/-/string2compact-1.3.0.tgz",
      "integrity": "sha512-004ulKKANDuQilQsNxy2lisrpMG0qUJxBU+2YCEF7KziRyNR0Nredm2qk0f1V82nva59H3y9GWeHXE63HzGRFw==",
      "requires": {
        "addr-to-ip-port": "^1.0.1",
        "ipaddr.js": "^1.0.1"
      }
    },
    "string_decoder": {
      "version": "1.3.0",
      "resolved": "https://registry.npmjs.org/string_decoder/-/string_decoder-1.3.0.tgz",
      "integrity": "sha512-hkRX8U1WjJFd8LsDJ2yQ/wWWxaopEsABU1XfkM8A+j0+85JAGppt16cr1Whg6KIbb4okU6Mql6BOj+uup/wKeA==",
      "requires": {
        "safe-buffer": "~5.2.0"
      }
    },
    "thirty-two": {
      "version": "1.0.2",
      "resolved": "https://registry.npmjs.org/thirty-two/-/thirty-two-1.0.2.tgz",
      "integrity": "sha1-TKL//AKlEpDSdEueP1V2k8prYno="
    },
    "unfetch": {
      "version": "4.2.0",
      "resolved": "https://registry.npmjs.org/unfetch/-/unfetch-4.2.0.tgz",
      "integrity": "sha512-F9p7yYCn6cIW9El1zi0HI6vqpeIvBsr3dSuRO6Xuppb1u5rXpCPmMvLSyECLhybr9isec8Ohl0hPekMVrEinDA=="
    },
    "uniq": {
      "version": "1.0.1",
      "resolved": "https://registry.npmjs.org/uniq/-/uniq-1.0.1.tgz",
      "integrity": "sha1-sxxa6CVIRKOoKBVBzisEuGWnNP8="
    },
    "unordered-array-remove": {
      "version": "1.0.2",
      "resolved": "https://registry.npmjs.org/unordered-array-remove/-/unordered-array-remove-1.0.2.tgz",
      "integrity": "sha1-xUbo+I4xegzyZEyX7LV9umbSUO8="
    },
    "utf-8-validate": {
      "version": "5.0.2",
      "resolved": "https://registry.npmjs.org/utf-8-validate/-/utf-8-validate-5.0.2.tgz",
      "integrity": "sha512-SwV++i2gTD5qh2XqaPzBnNX88N6HdyhQrNNRykvcS0QKvItV9u3vPEJr+X5Hhfb1JC0r0e1alL0iB09rY8+nmw==",
      "optional": true,
      "requires": {
        "node-gyp-build": "~3.7.0"
      }
    },
    "util-deprecate": {
      "version": "1.0.2",
      "resolved": "https://registry.npmjs.org/util-deprecate/-/util-deprecate-1.0.2.tgz",
      "integrity": "sha1-RQ1Nyfpw3nMnYvvS1KKJgUGaDM8="
    },
    "wrappy": {
      "version": "1.0.2",
      "resolved": "https://registry.npmjs.org/wrappy/-/wrappy-1.0.2.tgz",
      "integrity": "sha1-tSQ9jz7BqjXxNkYFvA0QNuMKtp8="
    },
    "ws": {
      "version": "7.2.3",
      "resolved": "https://registry.npmjs.org/ws/-/ws-7.2.3.tgz",
      "integrity": "sha512-HTDl9G9hbkNDk98naoR/cHDws7+EyYMOdL1BmjsZXRUjf7d+MficC4B7HLUPlSiho0vg+CWKrGIt/VJBd1xunQ=="
    }
  }
}
